
Microsoft Visual Studio Solution File, Format Version 12.00
# Visual Studio 2013
VisualStudioVersion = 12.0.30110.0
MinimumVisualStudioVersion = 10.0.40219.1
Project("{FAE04EC0-301F-11D3-BF4B-00C04F79EFBC}") = "01. FileWriter", "01. FileWriter\01. FileWriter.csproj", "{89ED478E-25B5-4C86-B9F6-38BF89664755}"
EndProject
Project("{FAE04EC0-301F-11D3-BF4B-00C04F79EFBC}") = "02. CreditInfoSaver", "02. CreditInfoSaver\02. CreditInfoSaver.csproj", "{5CD323F1-1D3A-40F3-A720-D5CAF3E41901}"
EndProject
Global
	GlobalSection(SolutionConfigurationPlatforms) = preSolution
		Debug|Any CPU = Debug|Any CPU
		Release|Any CPU = Release|Any CPU
	EndGlobalSection
	GlobalSection(ProjectConfigurationPlatforms) = postSolution
		{89ED478E-25B5-4C86-B9F6-38BF89664755}.Debug|Any CPU.ActiveCfg = Debug|Any CPU
		{89ED478E-25B5-4C86-B9F6-38BF89664755}.Debug|Any CPU.Build.0 = Debug|Any CPU
		{89ED478E-25B5-4C86-B9F6-38BF89664755}.Release|Any CPU.ActiveCfg = Release|Any CPU
		{89ED478E-25B5-4C86-B9F6-38BF89664755}.Release|Any CPU.Build.0 = Release|Any CPU
		{5CD323F1-1D3A-40F3-A720-D5CAF3E41901}.Debug|Any CPU.ActiveCfg = Debug|Any CPU
		{5CD323F1-1D3A-40F3-A720-D5CAF3E41901}.Debug|Any CPU.Build.0 = Debug|Any CPU
		{5CD323F1-1D3A-40F3-A720-D5CAF3E41901}.Release|Any CPU.ActiveCfg = Release|Any CPU
		{5CD323F1-1D3A-40F3-A720-D5CAF3E41901}.Release|Any CPU.Build.0 = Release|Any CPU
	EndGlobalSection
	GlobalSection(SolutionProperties) = preSolution
		HideSolutionNode = FALSE
	EndGlobalSection
EndGlobal
